github.com/devcows/hugo-universal-theme v0.0.0-20241009223047-37171f71c238 h1:McU4O0Y13YMk+OzLLwLqJ15xne0oqVuZNp+TSPbw/3I=
github.com/devcows/hugo-universal-theme v0.0.0-20241009223047-37171f71c238/go.mod h1:MqYH15Evmut/wgYkFi7ArsX+k44HfRrH675FbVLBkq0=
github.com/devcows/hugo-universal-theme v0.0.0-20250316171237-0df22842cbb8 h1:FEQ9ZXhxQO1DJ2aVPDGBx/s85llzB0Arcj17PTFjtPA=
github.com/devcows/hugo-universal-theme v0.0.0-20250316171237-0df22842cbb8/go.mod h1:MqYH15Evmut/wgYkFi7ArsX+k44HfRrH675FbVLBkq0=
